// !$*UTF8*$!
{
	archiveVersion = 1;
	classes = {
	};
	objectVersion = 45;
	objects = {

/* Begin PBXAggregateTarget section */
		E277E6A711753345009BCC70 /* Install Documentation */ = {
			isa = PBXAggregateTarget;
			buildConfigurationList = E277E6AA11753363009BCC70 /* Build configuration list for PBXAggregateTarget "Install Documentation" */;
			buildPhases = (
				E277E6A611753345009BCC70 /* ShellScript */,
			);
			comments = "Generate and install Xcode documentation for BayesianKit.";
			dependencies = (
			);
			name = "Install Documentation";
			productName = Documentation;
		};
/* End PBXAggregateTarget section */

/* Begin PBXBuildFile section */
		8DC2EF530486A6940098B216 /* InfoPlist.strings in Resources */ = {isa = PBXBuildFile; fileRef = 089C1666FE841158C02AAC07 /* InfoPlist.strings */; };
		E22599F31176971300353F51 /* ParseKit.framework in Frameworks */ = {isa = PBXBuildFile; fileRef = E22599E0117696E400353F51 /* ParseKit.framework */; };
		E26C13AB115D863500CFCCF1 /* BayesianKit.framework in Frameworks */ = {isa = PBXBuildFile; fileRef = 8DC2EF5B0486A6940098B216 /* BayesianKit.framework */; };
		E26C145D115E324100CFCCF1 /* BayesianKit.h in Headers */ = {isa = PBXBuildFile; fileRef = E26C1453115E324100CFCCF1 /* BayesianKit.h */; settings = {ATTRIBUTES = (Public, ); }; };
		E26C145E115E324100CFCCF1 /* BKClassifier.h in Headers */ = {isa = PBXBuildFile; fileRef = E26C1454115E324100CFCCF1 /* BKClassifier.h */; settings = {ATTRIBUTES = (Public, ); }; };
		E26C145F115E324100CFCCF1 /* BKClassifier.m in Sources */ = {isa = PBXBuildFile; fileRef = E26C1455115E324100CFCCF1 /* BKClassifier.m */; };
		E26C1460115E324100CFCCF1 /* BKDataPool.h in Headers */ = {isa = PBXBuildFile; fileRef = E26C1456115E324100CFCCF1 /* BKDataPool.h */; settings = {ATTRIBUTES = (Public, ); }; };
		E26C1461115E324100CFCCF1 /* BKDataPool.m in Sources */ = {isa = PBXBuildFile; fileRef = E26C1457115E324100CFCCF1 /* BKDataPool.m */; };
		E26C1462115E324100CFCCF1 /* BKTokenData.h in Headers */ = {isa = PBXBuildFile; fileRef = E26C1458115E324100CFCCF1 /* BKTokenData.h */; settings = {ATTRIBUTES = (Public, ); }; };
		E26C1463115E324100CFCCF1 /* BKTokenData.m in Sources */ = {isa = PBXBuildFile; fileRef = E26C1459115E324100CFCCF1 /* BKTokenData.m */; };
		E26C1464115E324100CFCCF1 /* BKTokenizer.h in Headers */ = {isa = PBXBuildFile; fileRef = E26C145A115E324100CFCCF1 /* BKTokenizer.h */; settings = {ATTRIBUTES = (Public, ); }; };
		E26C1465115E324100CFCCF1 /* BKTokenizer.m in Sources */ = {isa = PBXBuildFile; fileRef = E26C145B115E324100CFCCF1 /* BKTokenizer.m */; };
		E26C1466115E324100CFCCF1 /* BKTokenizing.h in Headers */ = {isa = PBXBuildFile; fileRef = E26C145C115E324100CFCCF1 /* BKTokenizing.h */; settings = {ATTRIBUTES = (Public, ); }; };
		E26C1475115E329F00CFCCF1 /* main.m in Sources */ = {isa = PBXBuildFile; fileRef = E26C1474115E329F00CFCCF1 /* main.m */; };
		E26C14D3115E822100CFCCF1 /* Foundation.framework in Frameworks */ = {isa = PBXBuildFile; fileRef = 0867D69BFE84028FC02AAC07 /* Foundation.framework */; };
		E26C14E2115E838F00CFCCF1 /* Bayes.m in Sources */ = {isa = PBXBuildFile; fileRef = E26C14E1115E838F00CFCCF1 /* Bayes.m */; };
		E26C153E115E8E8A00CFCCF1 /* Utils.m in Sources */ = {isa = PBXBuildFile; fileRef = E26C153D115E8E8A00CFCCF1 /* Utils.m */; };
/* End PBXBuildFile section */

/* Begin PBXContainerItemProxy section */
		E22599DF117696E400353F51 /* PBXContainerItemProxy */ = {
			isa = PBXContainerItemProxy;
			containerPortal = E224A1D31163A4DC00AD8CA6 /* ParseKit.xcodeproj */;
			proxyType = 2;
			remoteGlobalIDString = 8DC2EF5B0486A6940098B216 /* ParseKit.framework */;
			remoteInfo = ParseKit;
		};
		E22599E1117696E400353F51 /* PBXContainerItemProxy */ = {
			isa = PBXContainerItemProxy;
			containerPortal = E224A1D31163A4DC00AD8CA6 /* ParseKit.xcodeproj */;
			proxyType = 2;
			remoteGlobalIDString = D389F1CE0F1965E600558235 /* JSParseKit.framework */;
			remoteInfo = JSParseKit;
		};
		E22599E3117696E400353F51 /* PBXContainerItemProxy */ = {
			isa = PBXContainerItemProxy;
			containerPortal = E224A1D31163A4DC00AD8CA6 /* ParseKit.xcodeproj */;
			proxyType = 2;
			remoteGlobalIDString = D3FDC5830FFC4BFC00F1F797 /* libparsekit.a */;
			remoteInfo = ParseKitMobile;
		};
		E22599E5117696E400353F51 /* PBXContainerItemProxy */ = {
			isa = PBXContainerItemProxy;
			containerPortal = E224A1D31163A4DC00AD8CA6 /* ParseKit.xcodeproj */;
			proxyType = 2;
			remoteGlobalIDString = D3C7D87A0A411FBF005DD154 /* Tests.octest */;
			remoteInfo = Tests;
		};
		E22599E7117696E400353F51 /* PBXContainerItemProxy */ = {
			isa = PBXContainerItemProxy;
			containerPortal = E224A1D31163A4DC00AD8CA6 /* ParseKit.xcodeproj */;
			proxyType = 2;
			remoteGlobalIDString = D33494100E2963FD00406085 /* DemoApp.app */;
			remoteInfo = DemoApp;
		};
		E22599E9117696E400353F51 /* PBXContainerItemProxy */ = {
			isa = PBXContainerItemProxy;
			containerPortal = E224A1D31163A4DC00AD8CA6 /* ParseKit.xcodeproj */;
			proxyType = 2;
			remoteGlobalIDString = D34185040E520D3F0081B0DC /* DebugApp.app */;
			remoteInfo = DebugApp;
		};
		E22599EB117696E400353F51 /* PBXContainerItemProxy */ = {
			isa = PBXContainerItemProxy;
			containerPortal = E224A1D31163A4DC00AD8CA6 /* ParseKit.xcodeproj */;
			proxyType = 2;
			remoteGlobalIDString = D389F2030F196A7500558235 /* JSDemoApp.app */;
			remoteInfo = JSDemoApp;
		};
		E22599F11176970A00353F51 /* PBXContainerItemProxy */ = {
			isa = PBXContainerItemProxy;
			containerPortal = E224A1D31163A4DC00AD8CA6 /* ParseKit.xcodeproj */;
			proxyType = 1;
			remoteGlobalIDString = 8DC2EF4F0486A6940098B216 /* ParseKit */;
			remoteInfo = ParseKit;
		};
		E2A323DF115CF01200E4D006 /* PBXContainerItemProxy */ = {
			isa = PBXContainerItemProxy;
			containerPortal = 0867D690FE84028FC02AAC07 /* Project object */;
			proxyType = 1;
			remoteGlobalIDString = 8DC2EF4F0486A6940098B216;
			remoteInfo = Bayesian;
		};
/* End PBXContainerItemProxy section */

/* Begin PBXFileReference section */
		0867D69BFE84028FC02AAC07 /* Foundation.framework */ = {isa = PBXFileReference; lastKnownFileType = wrapper.framework; name = Foundation.framework; path = /System/Library/Frameworks/Foundation.framework; sourceTree = "<absolute>"; };
		0867D6A5FE840307C02AAC07 /* AppKit.framework */ = {isa = PBXFileReference; lastKnownFileType = wrapper.framework; name = AppKit.framework; path = /System/Library/Frameworks/AppKit.framework; sourceTree = "<absolute>"; };
		089C1667FE841158C02AAC07 /* English */ = {isa = PBXFileReference; fileEncoding = 4; lastKnownFileType = text.plist.strings; name = English; path = English.lproj/InfoPlist.strings; sourceTree = "<group>"; };
		1058C7B1FEA5585E11CA2CBB /* Cocoa.framework */ = {isa = PBXFileReference; lastKnownFileType = wrapper.framework; name = Cocoa.framework; path = /System/Library/Frameworks/Cocoa.framework; sourceTree = "<absolute>"; };
		32DBCF5E0370ADEE00C91783 /* BayesianKit_Prefix.pch */ = {isa = PBXFileReference; fileEncoding = 4; lastKnownFileType = sourcecode.c.h; path = BayesianKit_Prefix.pch; sourceTree = "<group>"; };
		8DC2EF5A0486A6940098B216 /* Info.plist */ = {isa = PBXFileReference; fileEncoding = 4; lastKnownFileType = text.plist.xml; path = Info.plist; sourceTree = "<group>"; };
		8DC2EF5B0486A6940098B216 /* BayesianKit.framework */ = {isa = PBXFileReference; explicitFileType = wrapper.framework; includeInIndex = 0; path = BayesianKit.framework; sourceTree = BUILT_PRODUCTS_DIR; };
		D2F7E79907B2D74100F64583 /* CoreData.framework */ = {isa = PBXFileReference; lastKnownFileType = wrapper.framework; name = CoreData.framework; path = /System/Library/Frameworks/CoreData.framework; sourceTree = "<absolute>"; };
		E224A1D31163A4DC00AD8CA6 /* ParseKit.xcodeproj */ = {isa = PBXFileReference; lastKnownFileType = "wrapper.pb-project"; name = ParseKit.xcodeproj; path = external/ParseKit/ParseKit.xcodeproj; sourceTree = "<group>"; };
		E22599AC117681F200353F51 /* bayes.1 */ = {isa = PBXFileReference; fileEncoding = 4; lastKnownFileType = text.man; name = bayes.1; path = docs/man/man1/bayes.1; sourceTree = "<group>"; };
		E26C1453115E324100CFCCF1 /* BayesianKit.h */ = {isa = PBXFileReference; fileEncoding = 4; lastKnownFileType = sourcecode.c.h; path = BayesianKit.h; sourceTree = "<group>"; };
		E26C1454115E324100CFCCF1 /* BKClassifier.h */ = {isa = PBXFileReference; fileEncoding = 4; lastKnownFileType = sourcecode.c.h; path = BKClassifier.h; sourceTree = "<group>"; wrapsLines = 0; };
		E26C1455115E324100CFCCF1 /* BKClassifier.m */ = {isa = PBXFileReference; fileEncoding = 4; lastKnownFileType = sourcecode.c.objc; path = BKClassifier.m; sourceTree = "<group>"; };
		E26C1456115E324100CFCCF1 /* BKDataPool.h */ = {isa = PBXFileReference; fileEncoding = 4; lastKnownFileType = sourcecode.c.h; path = BKDataPool.h; sourceTree = "<group>"; };
		E26C1457115E324100CFCCF1 /* BKDataPool.m */ = {isa = PBXFileReference; fileEncoding = 4; lastKnownFileType = sourcecode.c.objc; path = BKDataPool.m; sourceTree = "<group>"; };
		E26C1458115E324100CFCCF1 /* BKTokenData.h */ = {isa = PBXFileReference; fileEncoding = 4; lastKnownFileType = sourcecode.c.h; path = BKTokenData.h; sourceTree = "<group>"; };
		E26C1459115E324100CFCCF1 /* BKTokenData.m */ = {isa = PBXFileReference; fileEncoding = 4; lastKnownFileType = sourcecode.c.objc; path = BKTokenData.m; sourceTree = "<group>"; };
		E26C145A115E324100CFCCF1 /* BKTokenizer.h */ = {isa = PBXFileReference; fileEncoding = 4; lastKnownFileType = sourcecode.c.h; path = BKTokenizer.h; sourceTree = "<group>"; };
		E26C145B115E324100CFCCF1 /* BKTokenizer.m */ = {isa = PBXFileReference; fileEncoding = 4; lastKnownFileType = sourcecode.c.objc; path = BKTokenizer.m; sourceTree = "<group>"; };
		E26C145C115E324100CFCCF1 /* BKTokenizing.h */ = {isa = PBXFileReference; fileEncoding = 4; lastKnownFileType = sourcecode.c.h; path = BKTokenizing.h; sourceTree = "<group>"; };
		E26C1474115E329F00CFCCF1 /* main.m */ = {isa = PBXFileReference; fileEncoding = 4; lastKnownFileType = sourcecode.c.objc; path = main.m; sourceTree = "<group>"; };
		E26C14C5115E817B00CFCCF1 /* bayes */ = {isa = PBXFileReference; explicitFileType = "compiled.mach-o.executable"; includeInIndex = 0; path = bayes; sourceTree = BUILT_PRODUCTS_DIR; };
		E26C14E0115E838F00CFCCF1 /* Bayes.h */ = {isa = PBXFileReference; fileEncoding = 4; lastKnownFileType = sourcecode.c.h; path = Bayes.h; sourceTree = "<group>"; };
		E26C14E1115E838F00CFCCF1 /* Bayes.m */ = {isa = PBXFileReference; fileEncoding = 4; lastKnownFileType = sourcecode.c.objc; path = Bayes.m; sourceTree = "<group>"; };
		E26C153C115E8E8A00CFCCF1 /* Utils.h */ = {isa = PBXFileReference; fileEncoding = 4; lastKnownFileType = sourcecode.c.h; path = Utils.h; sourceTree = "<group>"; };
		E26C153D115E8E8A00CFCCF1 /* Utils.m */ = {isa = PBXFileReference; fileEncoding = 4; lastKnownFileType = sourcecode.c.objc; path = Utils.m; sourceTree = "<group>"; };
		E277E77B1175F606009BCC70 /* DocSet-Info.plist */ = {isa = PBXFileReference; fileEncoding = 4; lastKnownFileType = text.plist.xml; path = "DocSet-Info.plist"; sourceTree = "<group>"; };
		E277E77C1175F606009BCC70 /* Doxyfile */ = {isa = PBXFileReference; fileEncoding = 4; lastKnownFileType = text; path = Doxyfile; sourceTree = "<group>"; };
		E277E7B31175FD5B009BCC70 /* appledoc */ = {isa = PBXFileReference; lastKnownFileType = "compiled.mach-o.executable"; path = appledoc; sourceTree = "<group>"; };
		E277E7B41175FD5B009BCC70 /* Readme.markdown */ = {isa = PBXFileReference; fileEncoding = 4; lastKnownFileType = text; path = Readme.markdown; sourceTree = "<group>"; };
		E277E7B61175FD5B009BCC70 /* object.xslt */ = {isa = PBXFileReference; fileEncoding = 4; lastKnownFileType = text.xml; path = object.xslt; sourceTree = "<group>"; };
		E277E7B71175FD5B009BCC70 /* screen.css */ = {isa = PBXFileReference; fileEncoding = 4; lastKnownFileType = text.css; path = screen.css; sourceTree = "<group>"; };
/* End PBXFileReference section */

/* Begin PBXFrameworksBuildPhase section */
		8DC2EF560486A6940098B216 /* Frameworks */ = {
			isa = PBXFrameworksBuildPhase;
			buildActionMask = 2147483647;
			files = (
				E22599F31176971300353F51 /* ParseKit.framework in Frameworks */,
				E26C14D3115E822100CFCCF1 /* Foundation.framework in Frameworks */,
			);
			runOnlyForDeploymentPostprocessing = 0;
		};
		E2A323D9115CF00D00E4D006 /* Frameworks */ = {
			isa = PBXFrameworksBuildPhase;
			buildActionMask = 2147483647;
			files = (
				E26C13AB115D863500CFCCF1 /* BayesianKit.framework in Frameworks */,
			);
			runOnlyForDeploymentPostprocessing = 0;
		};
/* End PBXFrameworksBuildPhase section */

/* Begin PBXGroup section */
		034768DFFF38A50411DB9C8B /* Products */ = {
			isa = PBXGroup;
			children = (
				8DC2EF5B0486A6940098B216 /* BayesianKit.framework */,
				E26C14C5115E817B00CFCCF1 /* bayes */,
			);
			name = Products;
			sourceTree = "<group>";
		};
		0867D691FE84028FC02AAC07 /* Bayesian */ = {
			isa = PBXGroup;
			children = (
				E224A1D31163A4DC00AD8CA6 /* ParseKit.xcodeproj */,
				E26C1452115E324100CFCCF1 /* Framework */,
				E26C1473115E329F00CFCCF1 /* Bayes CLI Tool */,
				32C88DFF0371C24200C91783 /* Other Sources */,
				089C1665FE841158C02AAC07 /* Resources */,
				0867D69AFE84028FC02AAC07 /* External Frameworks and Libraries */,
				E277E7B11175FD5B009BCC70 /* External */,
				034768DFFF38A50411DB9C8B /* Products */,
			);
			name = Bayesian;
			sourceTree = "<group>";
		};
		0867D69AFE84028FC02AAC07 /* External Frameworks and Libraries */ = {
			isa = PBXGroup;
			children = (
				1058C7B0FEA5585E11CA2CBB /* Linked Frameworks */,
				1058C7B2FEA5585E11CA2CBB /* Other Frameworks */,
			);
			name = "External Frameworks and Libraries";
			sourceTree = "<group>";
		};
		089C1665FE841158C02AAC07 /* Resources */ = {
			isa = PBXGroup;
			children = (
				E277E77C1175F606009BCC70 /* Doxyfile */,
				E277E77B1175F606009BCC70 /* DocSet-Info.plist */,
				8DC2EF5A0486A6940098B216 /* Info.plist */,
				089C1666FE841158C02AAC07 /* InfoPlist.strings */,
				E22599AC117681F200353F51 /* bayes.1 */,
			);
			name = Resources;
			sourceTree = "<group>";
		};
		1058C7B0FEA5585E11CA2CBB /* Linked Frameworks */ = {
			isa = PBXGroup;
			children = (
				1058C7B1FEA5585E11CA2CBB /* Cocoa.framework */,
			);
			name = "Linked Frameworks";
			sourceTree = "<group>";
		};
		1058C7B2FEA5585E11CA2CBB /* Other Frameworks */ = {
			isa = PBXGroup;
			children = (
				0867D6A5FE840307C02AAC07 /* AppKit.framework */,
				D2F7E79907B2D74100F64583 /* CoreData.framework */,
				0867D69BFE84028FC02AAC07 /* Foundation.framework */,
			);
			name = "Other Frameworks";
			sourceTree = "<group>";
		};
		32C88DFF0371C24200C91783 /* Other Sources */ = {
			isa = PBXGroup;
			children = (
				32DBCF5E0370ADEE00C91783 /* BayesianKit_Prefix.pch */,
			);
			name = "Other Sources";
			sourceTree = "<group>";
		};
		E22599D6117696E400353F51 /* Products */ = {
			isa = PBXGroup;
			children = (
				E22599E0117696E400353F51 /* ParseKit.framework */,
				E22599E2117696E400353F51 /* JSParseKit.framework */,
				E22599E4117696E400353F51 /* libparsekit.a */,
				E22599E6117696E400353F51 /* Tests.octest */,
				E22599E8117696E400353F51 /* DemoApp.app */,
				E22599EA117696E400353F51 /* DebugApp.app */,
				E22599EC117696E400353F51 /* JSDemoApp.app */,
			);
			name = Products;
			sourceTree = "<group>";
		};
		E26C1452115E324100CFCCF1 /* Framework */ = {
			isa = PBXGroup;
			children = (
				E26C1453115E324100CFCCF1 /* BayesianKit.h */,
				E26C1454115E324100CFCCF1 /* BKClassifier.h */,
				E26C1455115E324100CFCCF1 /* BKClassifier.m */,
				E26C1456115E324100CFCCF1 /* BKDataPool.h */,
				E26C1457115E324100CFCCF1 /* BKDataPool.m */,
				E26C1458115E324100CFCCF1 /* BKTokenData.h */,
				E26C1459115E324100CFCCF1 /* BKTokenData.m */,
				E26C145A115E324100CFCCF1 /* BKTokenizer.h */,
				E26C145B115E324100CFCCF1 /* BKTokenizer.m */,
				E26C145C115E324100CFCCF1 /* BKTokenizing.h */,
			);
			name = Framework;
			path = src;
			sourceTree = "<group>";
		};
		E26C1473115E329F00CFCCF1 /* Bayes CLI Tool */ = {
			isa = PBXGroup;
			children = (
				E26C1474115E329F00CFCCF1 /* main.m */,
				E26C14E0115E838F00CFCCF1 /* Bayes.h */,
				E26C14E1115E838F00CFCCF1 /* Bayes.m */,
				E26C153C115E8E8A00CFCCF1 /* Utils.h */,
				E26C153D115E8E8A00CFCCF1 /* Utils.m */,
			);
			name = "Bayes CLI Tool";
			path = tools;
			sourceTree = "<group>";
		};
		E277E7B11175FD5B009BCC70 /* External */ = {
			isa = PBXGroup;
			children = (
				E277E7B21175FD5B009BCC70 /* appledoc */,
			);
			name = External;
			path = external;
			sourceTree = "<group>";
		};
		E277E7B21175FD5B009BCC70 /* appledoc */ = {
			isa = PBXGroup;
			children = (
				E277E7B31175FD5B009BCC70 /* appledoc */,
				E277E7B41175FD5B009BCC70 /* Readme.markdown */,
				E277E7B51175FD5B009BCC70 /* Templates */,
			);
			path = appledoc;
			sourceTree = "<group>";
		};
		E277E7B51175FD5B009BCC70 /* Templates */ = {
			isa = PBXGroup;
			children = (
				E277E7B61175FD5B009BCC70 /* object.xslt */,
				E277E7B71175FD5B009BCC70 /* screen.css */,
			);
			path = Templates;
			sourceTree = "<group>";
		};
/* End PBXGroup section */

/* Begin PBXHeadersBuildPhase section */
		8DC2EF500486A6940098B216 /* Headers */ = {
			isa = PBXHeadersBuildPhase;
			buildActionMask = 2147483647;
			files = (
				E26C145D115E324100CFCCF1 /* BayesianKit.h in Headers */,
				E26C145E115E324100CFCCF1 /* BKClassifier.h in Headers */,
				E26C1460115E324100CFCCF1 /* BKDataPool.h in Headers */,
				E26C1462115E324100CFCCF1 /* BKTokenData.h in Headers */,
				E26C1464115E324100CFCCF1 /* BKTokenizer.h in Headers */,
				E26C1466115E324100CFCCF1 /* BKTokenizing.h in Headers */,
			);
			runOnlyForDeploymentPostprocessing = 0;
		};
/* End PBXHeadersBuildPhase section */

/* Begin PBXNativeTarget section */
		8DC2EF4F0486A6940098B216 /* BayesianKit */ = {
			isa = PBXNativeTarget;
			buildConfigurationList = 1DEB91AD08733DA50010E9CD /* Build configuration list for PBXNativeTarget "BayesianKit" */;
			buildPhases = (
				8DC2EF500486A6940098B216 /* Headers */,
				8DC2EF520486A6940098B216 /* Resources */,
				8DC2EF540486A6940098B216 /* Sources */,
				8DC2EF560486A6940098B216 /* Frameworks */,
			);
			buildRules = (
			);
			dependencies = (
				E22599F21176970A00353F51 /* PBXTargetDependency */,
			);
			name = BayesianKit;
			productInstallPath = "$(HOME)/Library/Frameworks";
			productName = Bayesian;
			productReference = 8DC2EF5B0486A6940098B216 /* BayesianKit.framework */;
			productType = "com.apple.product-type.framework";
		};
		E2A323DA115CF00D00E4D006 /* Bayes */ = {
			isa = PBXNativeTarget;
			buildConfigurationList = E2A323E2115CF03700E4D006 /* Build configuration list for PBXNativeTarget "Bayes" */;
			buildPhases = (
				E2A323D8115CF00D00E4D006 /* Sources */,
				E2A323D9115CF00D00E4D006 /* Frameworks */,
			);
			buildRules = (
			);
			dependencies = (
				E2A323E0115CF01200E4D006 /* PBXTargetDependency */,
			);
			name = Bayes;
			productName = Test;
			productReference = E26C14C5115E817B00CFCCF1 /* bayes */;
			productType = "com.apple.product-type.tool";
		};
/* End PBXNativeTarget section */

/* Begin PBXProject section */
		0867D690FE84028FC02AAC07 /* Project object */ = {
			isa = PBXProject;
			buildConfigurationList = 1DEB91B108733DA50010E9CD /* Build configuration list for PBXProject "BayesianKit" */;
			compatibilityVersion = "Xcode 3.1";
			hasScannedForEncodings = 1;
			mainGroup = 0867D691FE84028FC02AAC07 /* Bayesian */;
			productRefGroup = 034768DFFF38A50411DB9C8B /* Products */;
			projectDirPath = "";
			projectReferences = (
				{
					ProductGroup = E22599D6117696E400353F51 /* Products */;
					ProjectRef = E224A1D31163A4DC00AD8CA6 /* ParseKit.xcodeproj */;
				},
			);
			projectRoot = "";
			targets = (
				8DC2EF4F0486A6940098B216 /* BayesianKit */,
				E2A323DA115CF00D00E4D006 /* Bayes */,
				E277E6A711753345009BCC70 /* Install Documentation */,
			);
		};
/* End PBXProject section */

/* Begin PBXReferenceProxy section */
		E22599E0117696E400353F51 /* ParseKit.framework */ = {
			isa = PBXReferenceProxy;
			fileType = wrapper.framework;
			path = ParseKit.framework;
			remoteRef = E22599DF117696E400353F51 /* PBXContainerItemProxy */;
			sourceTree = BUILT_PRODUCTS_DIR;
		};
		E22599E2117696E400353F51 /* JSParseKit.framework */ = {
			isa = PBXReferenceProxy;
			fileType = wrapper.framework;
			path = JSParseKit.framework;
			remoteRef = E22599E1117696E400353F51 /* PBXContainerItemProxy */;
			sourceTree = BUILT_PRODUCTS_DIR;
		};
		E22599E4117696E400353F51 /* libparsekit.a */ = {
			isa = PBXReferenceProxy;
			fileType = archive.ar;
			path = libparsekit.a;
			remoteRef = E22599E3117696E400353F51 /* PBXContainerItemProxy */;
			sourceTree = BUILT_PRODUCTS_DIR;
		};
		E22599E6117696E400353F51 /* Tests.octest */ = {
			isa = PBXReferenceProxy;
			fileType = wrapper.cfbundle;
			path = Tests.octest;
			remoteRef = E22599E5117696E400353F51 /* PBXContainerItemProxy */;
			sourceTree = BUILT_PRODUCTS_DIR;
		};
		E22599E8117696E400353F51 /* DemoApp.app */ = {
			isa = PBXReferenceProxy;
			fileType = wrapper.application;
			path = DemoApp.app;
			remoteRef = E22599E7117696E400353F51 /* PBXContainerItemProxy */;
			sourceTree = BUILT_PRODUCTS_DIR;
		};
		E22599EA117696E400353F51 /* DebugApp.app */ = {
			isa = PBXReferenceProxy;
			fileType = wrapper.application;
			path = DebugApp.app;
			remoteRef = E22599E9117696E400353F51 /* PBXContainerItemProxy */;
			sourceTree = BUILT_PRODUCTS_DIR;
		};
		E22599EC117696E400353F51 /* JSDemoApp.app */ = {
			isa = PBXReferenceProxy;
			fileType = wrapper.application;
			path = JSDemoApp.app;
			remoteRef = E22599EB117696E400353F51 /* PBXContainerItemProxy */;
			sourceTree = BUILT_PRODUCTS_DIR;
		};
/* End PBXReferenceProxy section */

/* Begin PBXResourcesBuildPhase section */
		8DC2EF520486A6940098B216 /* Resources */ = {
			isa = PBXResourcesBuildPhase;
			buildActionMask = 2147483647;
			files = (
				8DC2EF530486A6940098B216 /* InfoPlist.strings in Resources */,
			);
			runOnlyForDeploymentPostprocessing = 0;
		};
/* End PBXResourcesBuildPhase section */

/* Begin PBXShellScriptBuildPhase section */
		E277E6A611753345009BCC70 /* ShellScript */ = {
			isa = PBXShellScriptBuildPhase;
			buildActionMask = 2147483647;
			files = (
			);
			inputPaths = (
			);
			outputPaths = (
			);
			runOnlyForDeploymentPostprocessing = 0;
			shellPath = /bin/sh;
			shellScript = "DOXYGEN=\"/usr/local/bin/doxygen\"\nAPPLEDOC_PATH=\"$SRCROOT/external/appledoc/\"\n\n\"$APPLEDOC_PATH/appledoc\" -p \"$PROJECT_NAME\" \\\n                          -i \"$SRCROOT\" \\\n                          -o \"$SRCROOT/docs\" \\\n                          -t \"$APPLEDOC_PATH/Templates\" \\\n                          -d \"$DOXYGEN\" \\\n                          -c Doxyfile \\\n                          --docset \\\n                          --xhtml\n\nexit 0";
		};
/* End PBXShellScriptBuildPhase section */

/* Begin PBXSourcesBuildPhase section */
		8DC2EF540486A6940098B216 /* Sources */ = {
			isa = PBXSourcesBuildPhase;
			buildActionMask = 2147483647;
			files = (
				E26C145F115E324100CFCCF1 /* BKClassifier.m in Sources */,
				E26C1461115E324100CFCCF1 /* BKDataPool.m in Sources */,
				E26C1463115E324100CFCCF1 /* BKTokenData.m in Sources */,
				E26C1465115E324100CFCCF1 /* BKTokenizer.m in Sources */,
			);
			runOnlyForDeploymentPostprocessing = 0;
		};
		E2A323D8115CF00D00E4D006 /* Sources */ = {
			isa = PBXSourcesBuildPhase;
			buildActionMask = 2147483647;
			files = (
				E26C1475115E329F00CFCCF1 /* main.m in Sources */,
				E26C14E2115E838F00CFCCF1 /* Bayes.m in Sources */,
				E26C153E115E8E8A00CFCCF1 /* Utils.m in Sources */,
			);
			runOnlyForDeploymentPostprocessing = 0;
		};
/* End PBXSourcesBuildPhase section */

/* Begin PBXTargetDependency section */
		E22599F21176970A00353F51 /* PBXTargetDependency */ = {
			isa = PBXTargetDependency;
			name = ParseKit;
			targetProxy = E22599F11176970A00353F51 /* PBXContainerItemProxy */;
		};
		E2A323E0115CF01200E4D006 /* PBXTargetDependency */ = {
			isa = PBXTargetDependency;
			target = 8DC2EF4F0486A6940098B216 /* BayesianKit */;
			targetProxy = E2A323DF115CF01200E4D006 /* PBXContainerItemProxy */;
		};
/* End PBXTargetDependency section */

/* Begin PBXVariantGroup section */
		089C1666FE841158C02AAC07 /* InfoPlist.strings */ = {
			isa = PBXVariantGroup;
			children = (
				089C1667FE841158C02AAC07 /* English */,
			);
			name = InfoPlist.strings;
			sourceTree = "<group>";
		};
/* End PBXVariantGroup section */

/* Begin XCBuildConfiguration section */
		1DEB91AE08733DA50010E9CD /* Debug */ = {
			isa = XCBuildConfiguration;
			buildSettings = {
				ALWAYS_SEARCH_USER_PATHS = YES;
				COPY_PHASE_STRIP = NO;
				CURRENT_PROJECT_VERSION = 0.1;
				DYLIB_COMPATIBILITY_VERSION = 1;
				DYLIB_CURRENT_VERSION = 1;
				FRAMEWORK_VERSION = A;
				GCC_DYNAMIC_NO_PIC = NO;
				GCC_ENABLE_FIX_AND_CONTINUE = YES;
				GCC_ENABLE_OBJC_GC = supported;
				GCC_MODEL_TUNING = G5;
				GCC_OPTIMIZATION_LEVEL = 0;
				GCC_PRECOMPILE_PREFIX_HEADER = YES;
				GCC_PREFIX_HEADER = BayesianKit_Prefix.pch;
				GCC_VERSION = "";
				GCC_WARN_64_TO_32_BIT_CONVERSION = YES;
				GCC_WARN_ABOUT_MISSING_NEWLINE = YES;
				GCC_WARN_ABOUT_MISSING_PROTOTYPES = YES;
				GCC_WARN_ALLOW_INCOMPLETE_PROTOCOL = YES;
				GCC_WARN_CHECK_SWITCH_STATEMENTS = YES;
				GCC_WARN_FOUR_CHARACTER_CONSTANTS = YES;
				GCC_WARN_INHIBIT_ALL_WARNINGS = NO;
				GCC_WARN_INITIALIZER_NOT_FULLY_BRACKETED = YES;
				GCC_WARN_MISSING_PARENTHESES = YES;
				GCC_WARN_MULTIPLE_DEFINITION_TYPES_FOR_SELECTOR = NO;
				GCC_WARN_NON_VIRTUAL_DESTRUCTOR = YES;
				GCC_WARN_PEDANTIC = NO;
				GCC_WARN_PROTOTYPE_CONVERSION = NO;
				GCC_WARN_SHADOW = YES;
				GCC_WARN_SIGN_COMPARE = YES;
				GCC_WARN_STRICT_SELECTOR_MATCH = NO;
				GCC_WARN_UNDECLARED_SELECTOR = YES;
				GCC_WARN_UNINITIALIZED_AUTOS = NO;
				GCC_WARN_UNUSED_FUNCTION = YES;
				GCC_WARN_UNUSED_LABEL = YES;
				GCC_WARN_UNUSED_PARAMETER = YES;
				GCC_WARN_UNUSED_VALUE = YES;
				GENERATE_PROFILING_CODE = YES;
				INFOPLIST_FILE = Info.plist;
				INSTALL_PATH = "$(TARGET_BUILD_DIR)";
				PRODUCT_NAME = BayesianKit;
				RUN_CLANG_STATIC_ANALYZER = YES;
				SDKROOT = "";
				WARNING_CFLAGS = (
					"-Wextra",
					"-Wall",
					"-Winvalid-pch",
				);
				WRAPPER_EXTENSION = framework;
				ZERO_LINK = YES;
			};
			name = Debug;
		};
		1DEB91AF08733DA50010E9CD /* Release */ = {
			isa = XCBuildConfiguration;
			buildSettings = {
				ALWAYS_SEARCH_USER_PATHS = NO;
				DEBUG_INFORMATION_FORMAT = "dwarf-with-dsym";
				DYLIB_COMPATIBILITY_VERSION = 1;
				DYLIB_CURRENT_VERSION = 1;
				FRAMEWORK_VERSION = A;
				GCC_MODEL_TUNING = G5;
				GCC_PRECOMPILE_PREFIX_HEADER = YES;
				GCC_PREFIX_HEADER = BayesianKit_Prefix.pch;
				GCC_VERSION = "";
				INFOPLIST_FILE = Info.plist;
				INSTALL_PATH = "$(HOME)/Library/Frameworks";
				PRODUCT_NAME = BayesianKit;
				WRAPPER_EXTENSION = framework;
			};
			name = Release;
		};
		1DEB91B208733DA50010E9CD /* Debug */ = {
			isa = XCBuildConfiguration;
			buildSettings = {
				ARCHS = "$(ARCHS_STANDARD_32_64_BIT)";
				GCC_C_LANGUAGE_STANDARD = gnu99;
				GCC_OPTIMIZATION_LEVEL = 0;
				GCC_WARN_ABOUT_RETURN_TYPE = YES;
				GCC_WARN_UNUSED_VARIABLE = YES;
				ONLY_ACTIVE_ARCH = YES;
				PREBINDING = NO;
				SDKROOT = macosx10.6;
			};
			name = Debug;
		};
		1DEB91B308733DA50010E9CD /* Release */ = {
			isa = XCBuildConfiguration;
			buildSettings = {
				ARCHS = "$(ARCHS_STANDARD_32_64_BIT)";
				GCC_C_LANGUAGE_STANDARD = gnu99;
				GCC_WARN_ABOUT_RETURN_TYPE = YES;
				GCC_WARN_UNUSED_VARIABLE = YES;
				PREBINDING = NO;
				SDKROOT = macosx10.6;
			};
			name = Release;
		};
		E277E6A811753345009BCC70 /* Debug */ = {
			isa = XCBuildConfiguration;
			buildSettings = {
				COPY_PHASE_STRIP = NO;
				GCC_DYNAMIC_NO_PIC = NO;
				GCC_OPTIMIZATION_LEVEL = 0;
				PRODUCT_NAME = Documentation;
			};
			name = Debug;
		};
		E277E6A911753345009BCC70 /* Release */ = {
			isa = XCBuildConfiguration;
			buildSettings = {
				COPY_PHASE_STRIP = YES;
				DEBUG_INFORMATION_FORMAT = "dwarf-with-dsym";
				GCC_ENABLE_FIX_AND_CONTINUE = NO;
				PRODUCT_NAME = Documentation;
				ZERO_LINK = NO;
			};
			name = Release;
		};
		E2A323DD115CF00E00E4D006 /* Debug */ = {
			isa = XCBuildConfiguration;
			buildSettings = {
				ALWAYS_SEARCH_USER_PATHS = YES;
				COPY_PHASE_STRIP = NO;
				CURRENT_PROJECT_VERSION = 0.1;
				FRAMEWORK_SEARCH_PATHS = "";
				GCC_DYNAMIC_NO_PIC = NO;
				GCC_ENABLE_FIX_AND_CONTINUE = YES;
				GCC_MODEL_TUNING = G5;
				GCC_OPTIMIZATION_LEVEL = 0;
				GCC_PRECOMPILE_PREFIX_HEADER = YES;
				GCC_PREFIX_HEADER = "$(SYSTEM_LIBRARY_DIR)/Frameworks/AppKit.framework/Headers/AppKit.h";
				GCC_VERSION = "";
				GCC_WARN_64_TO_32_BIT_CONVERSION = YES;
				GCC_WARN_ABOUT_MISSING_NEWLINE = YES;
				GCC_WARN_ABOUT_MISSING_PROTOTYPES = YES;
				GCC_WARN_CHECK_SWITCH_STATEMENTS = YES;
				GCC_WARN_FOUR_CHARACTER_CONSTANTS = YES;
				GCC_WARN_INHIBIT_ALL_WARNINGS = YES;
				GCC_WARN_INITIALIZER_NOT_FULLY_BRACKETED = YES;
				GCC_WARN_MISSING_PARENTHESES = YES;
				GCC_WARN_NON_VIRTUAL_DESTRUCTOR = YES;
				GCC_WARN_SHADOW = YES;
				GCC_WARN_SIGN_COMPARE = YES;
				GCC_WARN_UNDECLARED_SELECTOR = YES;
				GCC_WARN_UNINITIALIZED_AUTOS = YES;
				GCC_WARN_UNKNOWN_PRAGMAS = NO;
				GCC_WARN_UNUSED_FUNCTION = YES;
				GCC_WARN_UNUSED_LABEL = YES;
				GCC_WARN_UNUSED_PARAMETER = YES;
				GCC_WARN_UNUSED_VALUE = YES;
				HEADER_SEARCH_PATHS = "";
				INSTALL_PATH = /usr/local/bin;
				OTHER_LDFLAGS = (
					"-framework",
					Foundation,
					"-framework",
					AppKit,
				);
				PREBINDING = NO;
				PRODUCT_NAME = bayes;
				SDKROOT = "";
				WARNING_CFLAGS = (
					"-Wextra",
					"-Wall",
				);
			};
			name = Debug;
		};
		E2A323DE115CF00E00E4D006 /* Release */ = {
			isa = XCBuildConfiguration;
			buildSettings = {
				ALWAYS_SEARCH_USER_PATHS = NO;
				COPY_PHASE_STRIP = YES;
				DEBUG_INFORMATION_FORMAT = "dwarf-with-dsym";
				GCC_ENABLE_FIX_AND_CONTINUE = NO;
				GCC_MODEL_TUNING = G5;
				GCC_PRECOMPILE_PREFIX_HEADER = YES;
				GCC_PREFIX_HEADER = "$(SYSTEM_LIBRARY_DIR)/Frameworks/AppKit.framework/Headers/AppKit.h";
				GCC_VERSION = "";
				INSTALL_PATH = /usr/local/bin;
				OTHER_LDFLAGS = (
					"-framework",
					Foundation,
					"-framework",
					AppKit,
				);
				PREBINDING = NO;
				PRODUCT_NAME = Test;
				SCAN_ALL_SOURCE_FILES_FOR_INCLUDES = NO;
				ZERO_LINK = NO;
			};
			name = Release;
		};
/* End XCBuildConfiguration section */

/* Begin XCConfigurationList section */
		1DEB91AD08733DA50010E9CD /* Build configuration list for PBXNativeTarget "BayesianKit" */ = {
			isa = XCConfigurationList;
			buildConfigurations = (
				1DEB91AE08733DA50010E9CD /* Debug */,
				1DEB91AF08733DA50010E9CD /* Release */,
			);
			defaultConfigurationIsVisible = 0;
			defaultConfigurationName = Release;
		};
		1DEB91B108733DA50010E9CD /* Build configuration list for PBXProject "BayesianKit" */ = {
			isa = XCConfigurationList;
			buildConfigurations = (
				1DEB91B208733DA50010E9CD /* Debug */,
				1DEB91B308733DA50010E9CD /* Release */,
			);
			defaultConfigurationIsVisible = 0;
			defaultConfigurationName = Release;
		};
		E277E6AA11753363009BCC70 /* Build configuration list for PBXAggregateTarget "Install Documentation" */ = {
			isa = XCConfigurationList;
			buildConfigurations = (
				E277E6A811753345009BCC70 /* Debug */,
				E277E6A911753345009BCC70 /* Release */,
			);
			defaultConfigurationIsVisible = 0;
			defaultConfigurationName = Release;
		};
		E2A323E2115CF03700E4D006 /* Build configuration list for PBXNativeTarget "Bayes" */ = {
			isa = XCConfigurationList;
			buildConfigurations = (
				E2A323DD115CF00E00E4D006 /* Debug */,
				E2A323DE115CF00E00E4D006 /* Release */,
			);
			defaultConfigurationIsVisible = 0;
			defaultConfigurationName = Release;
		};
/* End XCConfigurationList section */
	};
	rootObject = 0867D690FE84028FC02AAC07 /* Project object */;
}
